// !$*UTF8*$!
{
	archiveVersion = 1;
	classes = {
	};
	objectVersion = 46;
	objects = {

/* Begin PBXBuildFile section */
		EFC34A731E24F5EA00B35706 /* AppDelegate.swift in Sources */ = {isa = PBXBuildFile; fileRef = EFC34A721E24F5EA00B35706 /* AppDelegate.swift */; };
		EFC34A751E24F5EA00B35706 /* ViewController.swift in Sources */ = {isa = PBXBuildFile; fileRef = EFC34A741E24F5EA00B35706 /* ViewController.swift */; };
		EFC34A781E24F5EA00B35706 /* Main.storyboard in Resources */ = {isa = PBXBuildFile; fileRef = EFC34A761E24F5EA00B35706 /* Main.storyboard */; };
		EFC34A7A1E24F5EA00B35706 /* Assets.xcassets in Resources */ = {isa = PBXBuildFile; fileRef = EFC34A791E24F5EA00B35706 /* Assets.xcassets */; };
		EFC34A7D1E24F5EA00B35706 /* LaunchScreen.storyboard in Resources */ = {isa = PBXBuildFile; fileRef = EFC34A7B1E24F5EA00B35706 /* LaunchScreen.storyboard */; };
/* End PBXBuildFile section */

/* Begin PBXFileReference section */
		EFC34A6F1E24F5EA00B35706 /* Tafel Taferelen.app */ = {isa = PBXFileReference; explicitFileType = wrapper.application; includeInIndex = 0; path = "Tafel Taferelen.app"; sourceTree = BUILT_PRODUCTS_DIR; };
		EFC34A721E24F5EA00B35706 /* AppDelegate.swift */ = {isa = PBXFileReference; lastKnownFileType = sourcecode.swift; path = AppDelegate.swift; sourceTree = "<group>"; };
		EFC34A741E24F5EA00B35706 /* ViewController.swift */ = {isa = PBXFileReference; lastKnownFileType = sourcecode.swift; path = ViewController.swift; sourceTree = "<group>"; };
		EFC34A771E24F5EA00B35706 /* Base */ = {isa = PBXFileReference; lastKnownFileType = file.storyboard; name = Base; path = Base.lproj/Main.storyboard; sourceTree = "<group>"; };
		EFC34A791E24F5EA00B35706 /* Assets.xcassets */ = {isa = PBXFileReference; lastKnownFileType = folder.assetcatalog; path = Assets.xcassets; sourceTree = "<group>"; };
		EFC34A7C1E24F5EA00B35706 /* Base */ = {isa = PBXFileReference; lastKnownFileType = file.storyboard; name = Base; path = Base.lproj/LaunchScreen.storyboard; sourceTree = "<group>"; };
		EFC34A7E1E24F5EA00B35706 /* Info.plist */ = {isa = PBXFileReference; lastKnownFileType = text.plist.xml; path = Info.plist; sourceTree = "<group>"; };
/* End PBXFileReference section */

/* Begin PBXFrameworksBuildPhase section */
		EFC34A6C1E24F5E900B35706 /* Frameworks */ = {
			isa = PBXFrameworksBuildPhase;
			buildActionMask = 2147483647;
			files = (
			);
			runOnlyForDeploymentPostprocessing = 0;
		};
/* End PBXFrameworksBuildPhase section */

/* Begin PBXGroup section */
		EFC34A661E24F5E900B35706 = {
			isa = PBXGroup;
			children = (
				EFC34A711E24F5EA00B35706 /* Tafel Taferelen */,
				EFC34A701E24F5EA00B35706 /* Products */,
			);
			sourceTree = "<group>";
		};
		EFC34A701E24F5EA00B35706 /* Products */ = {
			isa = PBXGroup;
			children = (
				EFC34A6F1E24F5EA00B35706 /* Tafel Taferelen.app */,
			);
			name = Products;
			sourceTree = "<group>";
		};
		EFC34A711E24F5EA00B35706 /* Tafel Taferelen */ = {
			isa = PBXGroup;
			children = (
				EFC34A721E24F5EA00B35706 /* AppDelegate.swift */,
				EFC34A741E24F5EA00B35706 /* ViewController.swift */,
				EFC34A761E24F5EA00B35706 /* Main.storyboard */,
				EFC34A791E24F5EA00B35706 /* Assets.xcassets */,
				EFC34A7B1E24F5EA00B35706 /* LaunchScreen.storyboard */,
				EFC34A7E1E24F5EA00B35706 /* Info.plist */,
			);
			path = "Tafel Taferelen";
			sourceTree = "<group>";
		};
/* End PBXGroup section */

/* Begin PBXNativeTarget section */
		EFC34A6E1E24F5E900B35706 /* Tafel Taferelen */ = {
			isa = PBXNativeTarget;
			buildConfigurationList = EFC34A811E24F5EA00B35706 /* Build configuration list for PBXNativeTarget "Tafel Taferelen" */;
			buildPhases = (
				EFC34A6B1E24F5E900B35706 /* Sources */,
				EFC34A6C1E24F5E900B35706 /* Frameworks */,
				EFC34A6D1E24F5E900B35706 /* Resources */,
			);
			buildRules = (
			);
			dependencies = (
			);
			name = "Tafel Taferelen";
			productName = "Tafel Taferelen";
			productReference = EFC34A6F1E24F5EA00B35706 /* Tafel Taferelen.app */;
			productType = "com.apple.product-type.application";
		};
/* End PBXNativeTarget section */

/* Begin PBXProject section */
		EFC34A671E24F5E900B35706 /* Project object */ = {
			isa = PBXProject;
			attributes = {
				LastSwiftUpdateCheck = 0820;
				LastUpgradeCheck = 0820;
				ORGANIZATIONNAME = "Femke van Son";
				TargetAttributes = {
					EFC34A6E1E24F5E900B35706 = {
						CreatedOnToolsVersion = 8.2.1;
						ProvisioningStyle = Automatic;
					};
				};
			};
			buildConfigurationList = EFC34A6A1E24F5E900B35706 /* Build configuration list for PBXProject "Tafel Taferelen" */;
			compatibilityVersion = "Xcode 3.2";
			developmentRegion = English;
			hasScannedForEncodings = 0;
			knownRegions = (
				en,
				Base,
			);
			mainGroup = EFC34A661E24F5E900B35706;
			productRefGroup = EFC34A701E24F5EA00B35706 /* Products */;
			projectDirPath = "";
			projectRoot = "";
			targets = (
				EFC34A6E1E24F5E900B35706 /* Tafel Taferelen */,
			);
		};
/* End PBXProject section */

/* Begin PBXResourcesBuildPhase section */
		EFC34A6D1E24F5E900B35706 /* Resources */ = {
			isa = PBXResourcesBuildPhase;
			buildActionMask = 2147483647;
			files = (
				EFC34A7D1E24F5EA00B35706 /* LaunchScreen.storyboard in Resources */,
				EFC34A7A1E24F5EA00B35706 /* Assets.xcassets in Resources */,
				EFC34A781E24F5EA00B35706 /* Main.storyboard in Resources */,
			);
			runOnlyForDeploymentPostprocessing = 0;
		};
/* End PBXResourcesBuildPhase section */

/* Begin PBXSourcesBuildPhase section */
		EFC34A6B1E24F5E900B35706 /* Sources */ = {
			isa = PBXSourcesBuildPhase;
			buildActionMask = 2147483647;
			files = (
				EFC34A751E24F5EA00B35706 /* ViewController.swift in Sources */,
				EFC34A731E24F5EA00B35706 /* AppDelegate.swift in Sources */,
			);
			runOnlyForDeploymentPostprocessing = 0;
		};
/* End PBXSourcesBuildPhase section */

/* Begin PBXVariantGroup section */
		EFC34A761E24F5EA00B35706 /* Main.storyboard */ = {
			isa = PBXVariantGroup;
			children = (
				EFC34A771E24F5EA00B35706 /* Base */,
			);
			name = Main.storyboard;
			sourceTree = "<group>";
		};
		EFC34A7B1E24F5EA00B35706 /* LaunchScreen.storyboard */ = {
			isa = PBXVariantGroup;
			children = (
				EFC34A7C1E24F5EA00B35706 /* Base */,
			);
			name = LaunchScreen.storyboard;
			sourceTree = "<group>";
		};
/* End PBXVariantGroup section */

/* Begin XCBuildConfiguration section */
		EFC34A7F1E24F5EA00B35706 /* Debug */ = {
			isa = XCBuildConfiguration;
			buildSettings = {
				ALWAYS_SEARCH_USER_PATHS = NO;
				CLANG_ANALYZER_NONNULL = YES;
				CLANG_CXX_LANGUAGE_STANDARD = "gnu++0x";
				CLANG_CXX_LIBRARY = "libc++";
				CLANG_ENABLE_MODULES = YES;
				CLANG_ENABLE_OBJC_ARC = YES;
				CLANG_WARN_BOOL_CONVERSION = YES;
				CLANG_WARN_CONSTANT_CONVERSION = YES;
				CLANG_WARN_DIRECT_OBJC_ISA_USAGE = YES_ERROR;
				CLANG_WARN_DOCUMENTATION_COMMENTS = YES;
				CLANG_WARN_EMPTY_BODY = YES;
				CLANG_WARN_ENUM_CONVERSION = YES;
				CLANG_WARN_INFINITE_RECURSION = YES;
				CLANG_WARN_INT_CONVERSION = YES;
				CLANG_WARN_OBJC_ROOT_CLASS = YES_ERROR;
				CLANG_WARN_SUSPICIOUS_MOVE = YES;
				CLANG_WARN_UNREACHABLE_CODE = YES;
				CLANG_WARN__DUPLICATE_METHOD_MATCH = YES;
				"CODE_SIGN_IDENTITY[sdk=iphoneos*]" = "iPhone Developer";
				COPY_PHASE_STRIP = NO;
				DEBUG_INFORMATION_FORMAT = dwarf;
				ENABLE_STRICT_OBJC_MSGSEND = YES;
				ENABLE_TESTABILITY = YES;
				GCC_C_LANGUAGE_STANDARD = gnu99;
				GCC_DYNAMIC_NO_PIC = NO;
				GCC_NO_COMMON_BLOCKS = YES;
				GCC_OPTIMIZATION_LEVEL = 0;
				GCC_PREPROCESSOR_DEFINITIONS = (
					"DEBUG=1",
					"$(inherited)",
				);
				GCC_WARN_64_TO_32_BIT_CONVERSION = YES;
				GCC_WARN_ABOUT_RETURN_TYPE = YES_ERROR;
				GCC_WARN_UNDECLARED_SELECTOR = YES;
				GCC_WARN_UNINITIALIZED_AUTOS = YES_AGGRESSIVE;
				GCC_WARN_UNUSED_FUNCTION = YES;
				GCC_WARN_UNUSED_VARIABLE = YES;
				IPHONEOS_DEPLOYMENT_TARGET = 10.2;
				MTL_ENABLE_DEBUG_INFO = YES;
				ONLY_ACTIVE_ARCH = YES;
				SDKROOT = iphoneos;
				SWIFT_ACTIVE_COMPILATION_CONDITIONS = DEBUG;
				SWIFT_OPTIMIZATION_LEVEL = "-Onone";
				TARGETED_DEVICE_FAMILY = "1,2";
			};
			name = Debug;
		};
		EFC34A801E24F5EA00B35706 /* Release */ = {
			isa = XCBuildConfiguration;
			buildSettings = {
				ALWAYS_SEARCH_USER_PATHS = NO;
				CLANG_ANALYZER_NONNULL = YES;
				CLANG_CXX_LANGUAGE_STANDARD = "gnu++0x";
				CLANG_CXX_LIBRARY = "libc++";
				CLANG_ENABLE_MODULES = YES;
				CLANG_ENABLE_OBJC_ARC = YES;
				CLANG_WARN_BOOL_CONVERSION = YES;
				CLANG_WARN_CONSTANT_CONVERSION = YES;
				CLANG_WARN_DIRECT_OBJC_ISA_USAGE = YES_ERROR;
				CLANG_WARN_DOCUMENTATION_COMMENTS = YES;
				CLANG_WARN_EMPTY_BODY = YES;
				CLANG_WARN_ENUM_CONVERSION = YES;
				CLANG_WARN_INFINITE_RECURSION = YES;
				CLANG_WARN_INT_CONVERSION = YES;
				CLANG_WARN_OBJC_ROOT_CLASS = YES_ERROR;
				CLANG_WARN_SUSPICIOUS_MOVE = YES;
				CLANG_WARN_UNREACHABLE_CODE = YES;
				CLANG_WARN__DUPLICATE_METHOD_MATCH = YES;
				"CODE_SIGN_IDENTITY[sdk=iphoneos*]" = "iPhone Developer";
				COPY_PHASE_STRIP = NO;
				DEBUG_INFORMATION_FORMAT = "dwarf-with-dsym";
				ENABLE_NS_ASSERTIONS = NO;
				ENABLE_STRICT_OBJC_MSGSEND = YES;
				GCC_C_LANGUAGE_STANDARD = gnu99;
				GCC_NO_COMMON_BLOCKS = YES;
				GCC_WARN_64_TO_32_BIT_CONVERSION = YES;
				GCC_WARN_ABOUT_RETURN_TYPE = YES_ERROR;
				GCC_WARN_UNDECLARED_SELECTOR = YES;
				GCC_WARN_UNINITIALIZED_AUTOS = YES_AGGRESSIVE;
				GCC_WARN_UNUSED_FUNCTION = YES;
				GCC_WARN_UNUSED_VARIABLE = YES;
				IPHONEOS_DEPLOYMENT_TARGET = 10.2;
				MTL_ENABLE_DEBUG_INFO = NO;
				SDKROOT = iphoneos;
				SWIFT_OPTIMIZATION_LEVEL = "-Owholemodule";
				TARGETED_DEVICE_FAMILY = "1,2";
				VALIDATE_PRODUCT = YES;
			};
			name = Release;
		};
		EFC34A821E24F5EA00B35706 /* Debug */ = {
			isa = XCBuildConfiguration;
			buildSettings = {
				ASSETCATALOG_COMPILER_APPICON_NAME = AppIcon;
				INFOPLIST_FILE = "Tafel Taferelen/Info.plist";
				LD_RUNPATH_SEARCH_PATHS = "$(inherited) @executable_path/Frameworks";
				PRODUCT_BUNDLE_IDENTIFIER = "nl.mprog.Tafel-Taferelen";
				PRODUCT_NAME = "$(TARGET_NAME)";
				SWIFT_VERSION = 3.0;
			};
			name = Debug;
		};
		EFC34A831E24F5EA00B35706 /* Release */ = {
			isa = XCBuildConfiguration;
			buildSettings = {
				ASSETCATALOG_COMPILER_APPICON_NAME = AppIcon;
				INFOPLIST_FILE = "Tafel Taferelen/Info.plist";
				LD_RUNPATH_SEARCH_PATHS = "$(inherited) @executable_path/Frameworks";
				PRODUCT_BUNDLE_IDENTIFIER = "nl.mprog.Tafel-Taferelen";
				PRODUCT_NAME = "$(TARGET_NAME)";
				SWIFT_VERSION = 3.0;
			};
			name = Release;
		};
/* End XCBuildConfiguration section */

/* Begin XCConfigurationList section */
		EFC34A6A1E24F5E900B35706 /* Build configuration list for PBXProject "Tafel Taferelen" */ = {
			isa = XCConfigurationList;
			buildConfigurations = (
				EFC34A7F1E24F5EA00B35706 /* Debug */,
				EFC34A801E24F5EA00B35706 /* Release */,
			);
			defaultConfigurationIsVisible = 0;
			defaultConfigurationName = Release;
		};
		EFC34A811E24F5EA00B35706 /* Build configuration list for PBXNativeTarget "Tafel Taferelen" */ = {
			isa = XCConfigurationList;
			buildConfigurations = (
				EFC34A821E24F5EA00B35706 /* Debug */,
				EFC34A831E24F5EA00B35706 /* Release */,
			);
			defaultConfigurationIsVisible = 0;
		};
/* End XCConfigurationList section */
	};
	rootObject = EFC34A671E24F5E900B35706 /* Project object */;
}
