// !$*UTF8*$!
{
	archiveVersion = 1;
	classes = {
	};
	objectVersion = 46;
	objects = {

/* Begin PBXBuildFile section */
		98FC8CDCBD60BF8E0B62A7CA /* Pods_Tafel_Taferelen.framework in Frameworks */ = {isa = PBXBuildFile; fileRef = 498AEE08A47DDE4D5BE7F6C6 /* Pods_Tafel_Taferelen.framework */; };
		EF00F0701E250833009668FC /* SignupViewController.swift in Sources */ = {isa = PBXBuildFile; fileRef = EF00F06F1E250833009668FC /* SignupViewController.swift */; };
		EF00F0741E2646F7009668FC /* GoogleService-Info.plist in Resources */ = {isa = PBXBuildFile; fileRef = EF00F0731E2646F7009668FC /* GoogleService-Info.plist */; };
		EF00F0761E28DF15009668FC /* HoofdmenuViewController.swift in Sources */ = {isa = PBXBuildFile; fileRef = EF00F0751E28DF15009668FC /* HoofdmenuViewController.swift */; };
		EF14750C1E2CD76400B387FB /* GroupsViewController.swift in Sources */ = {isa = PBXBuildFile; fileRef = EF14750B1E2CD76400B387FB /* GroupsViewController.swift */; };
		EF14750E1E2CDCE700B387FB /* NewGroupViewController.swift in Sources */ = {isa = PBXBuildFile; fileRef = EF14750D1E2CDCE700B387FB /* NewGroupViewController.swift */; };
		EF1475101E2D29FC00B387FB /* NewGroupTableViewCell.swift in Sources */ = {isa = PBXBuildFile; fileRef = EF14750F1E2D29FC00B387FB /* NewGroupTableViewCell.swift */; };
		EF1475121E2E0E9C00B387FB /* GroupsTableViewCell.swift in Sources */ = {isa = PBXBuildFile; fileRef = EF1475111E2E0E9C00B387FB /* GroupsTableViewCell.swift */; };
		EF1475141E2E645200B387FB /* DinnerInfoViewController.swift in Sources */ = {isa = PBXBuildFile; fileRef = EF1475131E2E645200B387FB /* DinnerInfoViewController.swift */; };
		EF806DE21E30D5D7000EE2E7 /* SettingsViewController.swift in Sources */ = {isa = PBXBuildFile; fileRef = EF806DE11E30D5D7000EE2E7 /* SettingsViewController.swift */; };
		EF9C69891E361B5800A7A288 /* Main.storyboard in Resources */ = {isa = PBXBuildFile; fileRef = EF9C69881E361B5800A7A288 /* Main.storyboard */; };
		EFC34A731E24F5EA00B35706 /* AppDelegate.swift in Sources */ = {isa = PBXBuildFile; fileRef = EFC34A721E24F5EA00B35706 /* AppDelegate.swift */; };
		EFC34A751E24F5EA00B35706 /* LoginViewController.swift in Sources */ = {isa = PBXBuildFile; fileRef = EFC34A741E24F5EA00B35706 /* LoginViewController.swift */; };
		EFC34A7A1E24F5EA00B35706 /* Assets.xcassets in Resources */ = {isa = PBXBuildFile; fileRef = EFC34A791E24F5EA00B35706 /* Assets.xcassets */; };
		EFC34A7D1E24F5EA00B35706 /* LaunchScreen.storyboard in Resources */ = {isa = PBXBuildFile; fileRef = EFC34A7B1E24F5EA00B35706 /* LaunchScreen.storyboard */; };
		EFD6954C1E2FC194001647C3 /* ChatTableViewCell.swift in Sources */ = {isa = PBXBuildFile; fileRef = EFD6954B1E2FC194001647C3 /* ChatTableViewCell.swift */; };
/* End PBXBuildFile section */

/* Begin PBXFileReference section */
		2F6DA0D61C362BAE47609EDD /* Pods-Tafel Taferelen.debug.xcconfig */ = {isa = PBXFileReference; includeInIndex = 1; lastKnownFileType = text.xcconfig; name = "Pods-Tafel Taferelen.debug.xcconfig"; path = "Pods/Target Support Files/Pods-Tafel Taferelen/Pods-Tafel Taferelen.debug.xcconfig"; sourceTree = "<group>"; };
		498AEE08A47DDE4D5BE7F6C6 /* Pods_Tafel_Taferelen.framework */ = {isa = PBXFileReference; explicitFileType = wrapper.framework; includeInIndex = 0; path = Pods_Tafel_Taferelen.framework; sourceTree = BUILT_PRODUCTS_DIR; };
		EE8D2E8208CD2D7999D987F0 /* Pods-Tafel Taferelen.release.xcconfig */ = {isa = PBXFileReference; includeInIndex = 1; lastKnownFileType = text.xcconfig; name = "Pods-Tafel Taferelen.release.xcconfig"; path = "Pods/Target Support Files/Pods-Tafel Taferelen/Pods-Tafel Taferelen.release.xcconfig"; sourceTree = "<group>"; };
		EF00F06F1E250833009668FC /* SignupViewController.swift */ = {isa = PBXFileReference; fileEncoding = 4; lastKnownFileType = sourcecode.swift; path = SignupViewController.swift; sourceTree = "<group>"; };
		EF00F0731E2646F7009668FC /* GoogleService-Info.plist */ = {isa = PBXFileReference; fileEncoding = 4; lastKnownFileType = text.plist.xml; path = "GoogleService-Info.plist"; sourceTree = "<group>"; };
		EF00F0751E28DF15009668FC /* HoofdmenuViewController.swift */ = {isa = PBXFileReference; fileEncoding = 4; lastKnownFileType = sourcecode.swift; path = HoofdmenuViewController.swift; sourceTree = "<group>"; };
		EF14750B1E2CD76400B387FB /* GroupsViewController.swift */ = {isa = PBXFileReference; fileEncoding = 4; lastKnownFileType = sourcecode.swift; path = GroupsViewController.swift; sourceTree = "<group>"; };
		EF14750D1E2CDCE700B387FB /* NewGroupViewController.swift */ = {isa = PBXFileReference; fileEncoding = 4; lastKnownFileType = sourcecode.swift; path = NewGroupViewController.swift; sourceTree = "<group>"; };
		EF14750F1E2D29FC00B387FB /* NewGroupTableViewCell.swift */ = {isa = PBXFileReference; fileEncoding = 4; lastKnownFileType = sourcecode.swift; path = NewGroupTableViewCell.swift; sourceTree = "<group>"; };
		EF1475111E2E0E9C00B387FB /* GroupsTableViewCell.swift */ = {isa = PBXFileReference; fileEncoding = 4; lastKnownFileType = sourcecode.swift; path = GroupsTableViewCell.swift; sourceTree = "<group>"; };
		EF1475131E2E645200B387FB /* DinnerInfoViewController.swift */ = {isa = PBXFileReference; fileEncoding = 4; lastKnownFileType = sourcecode.swift; path = DinnerInfoViewController.swift; sourceTree = "<group>"; };
		EF806DE11E30D5D7000EE2E7 /* SettingsViewController.swift */ = {isa = PBXFileReference; fileEncoding = 4; lastKnownFileType = sourcecode.swift; path = SettingsViewController.swift; sourceTree = "<group>"; };
		EF9C69881E361B5800A7A288 /* Main.storyboard */ = {isa = PBXFileReference; fileEncoding = 4; lastKnownFileType = file.storyboard; path = Main.storyboard; sourceTree = "<group>"; };
		EFC34A6F1E24F5EA00B35706 /* Tafel Taferelen.app */ = {isa = PBXFileReference; explicitFileType = wrapper.application; includeInIndex = 0; path = "Tafel Taferelen.app"; sourceTree = BUILT_PRODUCTS_DIR; };
		EFC34A721E24F5EA00B35706 /* AppDelegate.swift */ = {isa = PBXFileReference; lastKnownFileType = sourcecode.swift; path = AppDelegate.swift; sourceTree = "<group>"; };
		EFC34A741E24F5EA00B35706 /* LoginViewController.swift */ = {isa = PBXFileReference; lastKnownFileType = sourcecode.swift; path = LoginViewController.swift; sourceTree = "<group>"; };
		EFC34A791E24F5EA00B35706 /* Assets.xcassets */ = {isa = PBXFileReference; lastKnownFileType = folder.assetcatalog; path = Assets.xcassets; sourceTree = "<group>"; };
		EFC34A7C1E24F5EA00B35706 /* Base */ = {isa = PBXFileReference; lastKnownFileType = file.storyboard; name = Base; path = Base.lproj/LaunchScreen.storyboard; sourceTree = "<group>"; };
		EFC34A7E1E24F5EA00B35706 /* Info.plist */ = {isa = PBXFileReference; lastKnownFileType = text.plist.xml; path = Info.plist; sourceTree = "<group>"; };
		EFD6954B1E2FC194001647C3 /* ChatTableViewCell.swift */ = {isa = PBXFileReference; fileEncoding = 4; lastKnownFileType = sourcecode.swift; path = ChatTableViewCell.swift; sourceTree = "<group>"; };
/* End PBXFileReference section */

/* Begin PBXFrameworksBuildPhase section */
		EFC34A6C1E24F5E900B35706 /* Frameworks */ = {
			isa = PBXFrameworksBuildPhase;
			buildActionMask = 2147483647;
			files = (
				98FC8CDCBD60BF8E0B62A7CA /* Pods_Tafel_Taferelen.framework in Frameworks */,
			);
			runOnlyForDeploymentPostprocessing = 0;
		};
/* End PBXFrameworksBuildPhase section */

/* Begin PBXGroup section */
		37371D7755D7DDC229C4FC29 /* Frameworks */ = {
			isa = PBXGroup;
			children = (
				498AEE08A47DDE4D5BE7F6C6 /* Pods_Tafel_Taferelen.framework */,
			);
			name = Frameworks;
			sourceTree = "<group>";
		};
		D89B7E0F6A0EA614442564EC /* Pods */ = {
			isa = PBXGroup;
			children = (
				2F6DA0D61C362BAE47609EDD /* Pods-Tafel Taferelen.debug.xcconfig */,
				EE8D2E8208CD2D7999D987F0 /* Pods-Tafel Taferelen.release.xcconfig */,
			);
			name = Pods;
			sourceTree = "<group>";
		};
		EFC34A661E24F5E900B35706 = {
			isa = PBXGroup;
			children = (
				EFC34A711E24F5EA00B35706 /* Tafel Taferelen */,
				EFC34A701E24F5EA00B35706 /* Products */,
				D89B7E0F6A0EA614442564EC /* Pods */,
				37371D7755D7DDC229C4FC29 /* Frameworks */,
			);
			sourceTree = "<group>";
		};
		EFC34A701E24F5EA00B35706 /* Products */ = {
			isa = PBXGroup;
			children = (
				EFC34A6F1E24F5EA00B35706 /* Tafel Taferelen.app */,
			);
			name = Products;
			sourceTree = "<group>";
		};
		EFC34A711E24F5EA00B35706 /* Tafel Taferelen */ = {
			isa = PBXGroup;
			children = (
				EFC34A721E24F5EA00B35706 /* AppDelegate.swift */,
				EFC34A741E24F5EA00B35706 /* LoginViewController.swift */,
				EFC34A791E24F5EA00B35706 /* Assets.xcassets */,
				EF9C69881E361B5800A7A288 /* Main.storyboard */,
				EF806DE11E30D5D7000EE2E7 /* SettingsViewController.swift */,
				EF14750F1E2D29FC00B387FB /* NewGroupTableViewCell.swift */,
				EFD6954B1E2FC194001647C3 /* ChatTableViewCell.swift */,
				EF14750D1E2CDCE700B387FB /* NewGroupViewController.swift */,
				EF14750B1E2CD76400B387FB /* GroupsViewController.swift */,
				EF1475111E2E0E9C00B387FB /* GroupsTableViewCell.swift */,
				EF00F0751E28DF15009668FC /* HoofdmenuViewController.swift */,
				EF1475131E2E645200B387FB /* DinnerInfoViewController.swift */,
				EFC34A7B1E24F5EA00B35706 /* LaunchScreen.storyboard */,
				EFC34A7E1E24F5EA00B35706 /* Info.plist */,
				EF00F0731E2646F7009668FC /* GoogleService-Info.plist */,
				EF00F06F1E250833009668FC /* SignupViewController.swift */,
			);
			path = "Tafel Taferelen";
			sourceTree = "<group>";
		};
/* End PBXGroup section */

/* Begin PBXNativeTarget section */
		EFC34A6E1E24F5E900B35706 /* Tafel Taferelen */ = {
			isa = PBXNativeTarget;
			buildConfigurationList = EFC34A811E24F5EA00B35706 /* Build configuration list for PBXNativeTarget "Tafel Taferelen" */;
			buildPhases = (
				88B80E7B00D19A5E135446F2 /* [CP] Check Pods Manifest.lock */,
				EFC34A6B1E24F5E900B35706 /* Sources */,
				EFC34A6C1E24F5E900B35706 /* Frameworks */,
				EFC34A6D1E24F5E900B35706 /* Resources */,
				06C2683F9435E0182F059DDB /* [CP] Embed Pods Frameworks */,
				25789CC1F7FB7D29BC280301 /* [CP] Copy Pods Resources */,
			);
			buildRules = (
			);
			dependencies = (
			);
			name = "Tafel Taferelen";
			productName = "Tafel Taferelen";
			productReference = EFC34A6F1E24F5EA00B35706 /* Tafel Taferelen.app */;
			productType = "com.apple.product-type.application";
		};
/* End PBXNativeTarget section */

/* Begin PBXProject section */
		EFC34A671E24F5E900B35706 /* Project object */ = {
			isa = PBXProject;
			attributes = {
				LastSwiftUpdateCheck = 0820;
				LastUpgradeCheck = 0820;
				ORGANIZATIONNAME = "Femke van Son";
				TargetAttributes = {
					EFC34A6E1E24F5E900B35706 = {
						CreatedOnToolsVersion = 8.2.1;
						DevelopmentTeam = 45RHUL786T;
						ProvisioningStyle = Automatic;
					};
				};
			};
			buildConfigurationList = EFC34A6A1E24F5E900B35706 /* Build configuration list for PBXProject "Tafel Taferelen" */;
			compatibilityVersion = "Xcode 3.2";
			developmentRegion = English;
			hasScannedForEncodings = 0;
			knownRegions = (
				en,
				Base,
			);
			mainGroup = EFC34A661E24F5E900B35706;
			productRefGroup = EFC34A701E24F5EA00B35706 /* Products */;
			projectDirPath = "";
			projectRoot = "";
			targets = (
				EFC34A6E1E24F5E900B35706 /* Tafel Taferelen */,
			);
		};
/* End PBXProject section */

/* Begin PBXResourcesBuildPhase section */
		EFC34A6D1E24F5E900B35706 /* Resources */ = {
			isa = PBXResourcesBuildPhase;
			buildActionMask = 2147483647;
			files = (
				EFC34A7D1E24F5EA00B35706 /* LaunchScreen.storyboard in Resources */,
				EF9C69891E361B5800A7A288 /* Main.storyboard in Resources */,
				EF00F0741E2646F7009668FC /* GoogleService-Info.plist in Resources */,
				EFC34A7A1E24F5EA00B35706 /* Assets.xcassets in Resources */,
			);
			runOnlyForDeploymentPostprocessing = 0;
		};
/* End PBXResourcesBuildPhase section */

/* Begin PBXShellScriptBuildPhase section */
		06C2683F9435E0182F059DDB /* [CP] Embed Pods Frameworks */ = {
			isa = PBXShellScriptBuildPhase;
			buildActionMask = 2147483647;
			files = (
			);
			inputPaths = (
			);
			name = "[CP] Embed Pods Frameworks";
			outputPaths = (
			);
			runOnlyForDeploymentPostprocessing = 0;
			shellPath = /bin/sh;
			shellScript = "\"${SRCROOT}/Pods/Target Support Files/Pods-Tafel Taferelen/Pods-Tafel Taferelen-frameworks.sh\"\n";
			showEnvVarsInLog = 0;
		};
		25789CC1F7FB7D29BC280301 /* [CP] Copy Pods Resources */ = {
			isa = PBXShellScriptBuildPhase;
			buildActionMask = 2147483647;
			files = (
			);
			inputPaths = (
			);
			name = "[CP] Copy Pods Resources";
			outputPaths = (
			);
			runOnlyForDeploymentPostprocessing = 0;
			shellPath = /bin/sh;
			shellScript = "\"${SRCROOT}/Pods/Target Support Files/Pods-Tafel Taferelen/Pods-Tafel Taferelen-resources.sh\"\n";
			showEnvVarsInLog = 0;
		};
		88B80E7B00D19A5E135446F2 /* [CP] Check Pods Manifest.lock */ = {
			isa = PBXShellScriptBuildPhase;
			buildActionMask = 2147483647;
			files = (
			);
			inputPaths = (
			);
			name = "[CP] Check Pods Manifest.lock";
			outputPaths = (
			);
			runOnlyForDeploymentPostprocessing = 0;
			shellPath = /bin/sh;
			shellScript = "diff \"${PODS_ROOT}/../Podfile.lock\" \"${PODS_ROOT}/Manifest.lock\" > /dev/null\nif [ $? != 0 ] ; then\n    # print error to STDERR\n    echo \"error: The sandbox is not in sync with the Podfile.lock. Run 'pod install' or update your CocoaPods installation.\" >&2\n    exit 1\nfi\n";
			showEnvVarsInLog = 0;
		};
/* End PBXShellScriptBuildPhase section */

/* Begin PBXSourcesBuildPhase section */
		EFC34A6B1E24F5E900B35706 /* Sources */ = {
			isa = PBXSourcesBuildPhase;
			buildActionMask = 2147483647;
			files = (
				EF00F0761E28DF15009668FC /* HoofdmenuViewController.swift in Sources */,
				EF14750E1E2CDCE700B387FB /* NewGroupViewController.swift in Sources */,
				EF806DE21E30D5D7000EE2E7 /* SettingsViewController.swift in Sources */,
				EF1475101E2D29FC00B387FB /* NewGroupTableViewCell.swift in Sources */,
				EF00F0701E250833009668FC /* SignupViewController.swift in Sources */,
				EF1475141E2E645200B387FB /* DinnerInfoViewController.swift in Sources */,
				EFC34A751E24F5EA00B35706 /* LoginViewController.swift in Sources */,
				EFC34A731E24F5EA00B35706 /* AppDelegate.swift in Sources */,
				EFD6954C1E2FC194001647C3 /* ChatTableViewCell.swift in Sources */,
				EF14750C1E2CD76400B387FB /* GroupsViewController.swift in Sources */,
				EF1475121E2E0E9C00B387FB /* GroupsTableViewCell.swift in Sources */,
			);
			runOnlyForDeploymentPostprocessing = 0;
		};
/* End PBXSourcesBuildPhase section */

/* Begin PBXVariantGroup section */
		EFC34A7B1E24F5EA00B35706 /* LaunchScreen.storyboard */ = {
			isa = PBXVariantGroup;
			children = (
				EFC34A7C1E24F5EA00B35706 /* Base */,
			);
			name = LaunchScreen.storyboard;
			sourceTree = "<group>";
		};
/* End PBXVariantGroup section */

/* Begin XCBuildConfiguration section */
		EFC34A7F1E24F5EA00B35706 /* Debug */ = {
			isa = XCBuildConfiguration;
			buildSettings = {
				ALWAYS_SEARCH_USER_PATHS = NO;
				CLANG_ANALYZER_NONNULL = YES;
				CLANG_CXX_LANGUAGE_STANDARD = "gnu++0x";
				CLANG_CXX_LIBRARY = "libc++";
				CLANG_ENABLE_MODULES = YES;
				CLANG_ENABLE_OBJC_ARC = YES;
				CLANG_WARN_BOOL_CONVERSION = YES;
				CLANG_WARN_CONSTANT_CONVERSION = YES;
				CLANG_WARN_DIRECT_OBJC_ISA_USAGE = YES_ERROR;
				CLANG_WARN_DOCUMENTATION_COMMENTS = YES;
				CLANG_WARN_EMPTY_BODY = YES;
				CLANG_WARN_ENUM_CONVERSION = YES;
				CLANG_WARN_INFINITE_RECURSION = YES;
				CLANG_WARN_INT_CONVERSION = YES;
				CLANG_WARN_OBJC_ROOT_CLASS = YES_ERROR;
				CLANG_WARN_SUSPICIOUS_MOVE = YES;
				CLANG_WARN_UNREACHABLE_CODE = YES;
				CLANG_WARN__DUPLICATE_METHOD_MATCH = YES;
				"CODE_SIGN_IDENTITY[sdk=iphoneos*]" = "iPhone Developer";
				COPY_PHASE_STRIP = NO;
				DEBUG_INFORMATION_FORMAT = dwarf;
				ENABLE_STRICT_OBJC_MSGSEND = YES;
				ENABLE_TESTABILITY = YES;
				GCC_C_LANGUAGE_STANDARD = gnu99;
				GCC_DYNAMIC_NO_PIC = NO;
				GCC_NO_COMMON_BLOCKS = YES;
				GCC_OPTIMIZATION_LEVEL = 0;
				GCC_PREPROCESSOR_DEFINITIONS = (
					"DEBUG=1",
					"$(inherited)",
				);
				GCC_WARN_64_TO_32_BIT_CONVERSION = YES;
				GCC_WARN_ABOUT_RETURN_TYPE = YES_ERROR;
				GCC_WARN_UNDECLARED_SELECTOR = YES;
				GCC_WARN_UNINITIALIZED_AUTOS = YES_AGGRESSIVE;
				GCC_WARN_UNUSED_FUNCTION = YES;
				GCC_WARN_UNUSED_VARIABLE = YES;
				IPHONEOS_DEPLOYMENT_TARGET = 10.2;
				MTL_ENABLE_DEBUG_INFO = YES;
				ONLY_ACTIVE_ARCH = YES;
				SDKROOT = iphoneos;
				SWIFT_ACTIVE_COMPILATION_CONDITIONS = DEBUG;
				SWIFT_OPTIMIZATION_LEVEL = "-Onone";
				TARGETED_DEVICE_FAMILY = "1,2";
			};
			name = Debug;
		};
		EFC34A801E24F5EA00B35706 /* Release */ = {
			isa = XCBuildConfiguration;
			buildSettings = {
				ALWAYS_SEARCH_USER_PATHS = NO;
				CLANG_ANALYZER_NONNULL = YES;
				CLANG_CXX_LANGUAGE_STANDARD = "gnu++0x";
				CLANG_CXX_LIBRARY = "libc++";
				CLANG_ENABLE_MODULES = YES;
				CLANG_ENABLE_OBJC_ARC = YES;
				CLANG_WARN_BOOL_CONVERSION = YES;
				CLANG_WARN_CONSTANT_CONVERSION = YES;
				CLANG_WARN_DIRECT_OBJC_ISA_USAGE = YES_ERROR;
				CLANG_WARN_DOCUMENTATION_COMMENTS = YES;
				CLANG_WARN_EMPTY_BODY = YES;
				CLANG_WARN_ENUM_CONVERSION = YES;
				CLANG_WARN_INFINITE_RECURSION = YES;
				CLANG_WARN_INT_CONVERSION = YES;
				CLANG_WARN_OBJC_ROOT_CLASS = YES_ERROR;
				CLANG_WARN_SUSPICIOUS_MOVE = YES;
				CLANG_WARN_UNREACHABLE_CODE = YES;
				CLANG_WARN__DUPLICATE_METHOD_MATCH = YES;
				"CODE_SIGN_IDENTITY[sdk=iphoneos*]" = "iPhone Developer";
				COPY_PHASE_STRIP = NO;
				DEBUG_INFORMATION_FORMAT = "dwarf-with-dsym";
				ENABLE_NS_ASSERTIONS = NO;
				ENABLE_STRICT_OBJC_MSGSEND = YES;
				GCC_C_LANGUAGE_STANDARD = gnu99;
				GCC_NO_COMMON_BLOCKS = YES;
				GCC_WARN_64_TO_32_BIT_CONVERSION = YES;
				GCC_WARN_ABOUT_RETURN_TYPE = YES_ERROR;
				GCC_WARN_UNDECLARED_SELECTOR = YES;
				GCC_WARN_UNINITIALIZED_AUTOS = YES_AGGRESSIVE;
				GCC_WARN_UNUSED_FUNCTION = YES;
				GCC_WARN_UNUSED_VARIABLE = YES;
				IPHONEOS_DEPLOYMENT_TARGET = 10.2;
				MTL_ENABLE_DEBUG_INFO = NO;
				SDKROOT = iphoneos;
				SWIFT_OPTIMIZATION_LEVEL = "-Owholemodule";
				TARGETED_DEVICE_FAMILY = "1,2";
				VALIDATE_PRODUCT = YES;
			};
			name = Release;
		};
		EFC34A821E24F5EA00B35706 /* Debug */ = {
			isa = XCBuildConfiguration;
			baseConfigurationReference = 2F6DA0D61C362BAE47609EDD /* Pods-Tafel Taferelen.debug.xcconfig */;
			buildSettings = {
				ASSETCATALOG_COMPILER_APPICON_NAME = AppIcon;
				DEVELOPMENT_TEAM = 45RHUL786T;
				INFOPLIST_FILE = "Tafel Taferelen/Info.plist";
				LD_RUNPATH_SEARCH_PATHS = "$(inherited) @executable_path/Frameworks";
				PRODUCT_BUNDLE_IDENTIFIER = "nl.mprog.Tafel-Taferelen";
				PRODUCT_NAME = "$(TARGET_NAME)";
				SWIFT_VERSION = 3.0;
			};
			name = Debug;
		};
		EFC34A831E24F5EA00B35706 /* Release */ = {
			isa = XCBuildConfiguration;
			baseConfigurationReference = EE8D2E8208CD2D7999D987F0 /* Pods-Tafel Taferelen.release.xcconfig */;
			buildSettings = {
				ASSETCATALOG_COMPILER_APPICON_NAME = AppIcon;
				DEVELOPMENT_TEAM = 45RHUL786T;
				INFOPLIST_FILE = "Tafel Taferelen/Info.plist";
				LD_RUNPATH_SEARCH_PATHS = "$(inherited) @executable_path/Frameworks";
				PRODUCT_BUNDLE_IDENTIFIER = "nl.mprog.Tafel-Taferelen";
				PRODUCT_NAME = "$(TARGET_NAME)";
				SWIFT_VERSION = 3.0;
			};
			name = Release;
		};
/* End XCBuildConfiguration section */

/* Begin XCConfigurationList section */
		EFC34A6A1E24F5E900B35706 /* Build configuration list for PBXProject "Tafel Taferelen" */ = {
			isa = XCConfigurationList;
			buildConfigurations = (
				EFC34A7F1E24F5EA00B35706 /* Debug */,
				EFC34A801E24F5EA00B35706 /* Release */,
			);
			defaultConfigurationIsVisible = 0;
			defaultConfigurationName = Release;
		};
		EFC34A811E24F5EA00B35706 /* Build configuration list for PBXNativeTarget "Tafel Taferelen" */ = {
			isa = XCConfigurationList;
			buildConfigurations = (
				EFC34A821E24F5EA00B35706 /* Debug */,
				EFC34A831E24F5EA00B35706 /* Release */,
			);
			defaultConfigurationIsVisible = 0;
			defaultConfigurationName = Release;
		};
/* End XCConfigurationList section */
	};
	rootObject = EFC34A671E24F5E900B35706 /* Project object */;
}
